
Microsoft Visual Studio Solution File, Format Version 12.00
# Visual Studio Version 17
VisualStudioVersion = 17.14.36408.4 d17.14
MinimumVisualStudioVersion = 10.0.40219.1
Project("{FAE04EC0-301F-11D3-BF4B-00C04F79EFBC}") = "LoopsAndConditionalsLab.", "..\LoopsAndConditionalsLab\LoopsAndConditionalsLab\LoopsAndConditionalsLab..csproj", "{84E470F2-E666-4D4E-9156-165168142809}"
EndProject
Global
	GlobalSection(SolutionConfigurationPlatforms) = preSolution
		Debug|Any CPU = Debug|Any CPU
		Release|Any CPU = Release|Any CPU
	EndGlobalSection
	GlobalSection(ProjectConfigurationPlatforms) = postSolution
		{84E470F2-E666-4D4E-9156-165168142809}.Debug|Any CPU.ActiveCfg = Debug|Any CPU
		{84E470F2-E666-4D4E-9156-165168142809}.Debug|Any CPU.Build.0 = Debug|Any CPU
		{84E470F2-E666-4D4E-9156-165168142809}.Release|Any CPU.ActiveCfg = Release|Any CPU
		{84E470F2-E666-4D4E-9156-165168142809}.Release|Any CPU.Build.0 = Release|Any CPU
	EndGlobalSection
	GlobalSection(SolutionProperties) = preSolution
		HideSolutionNode = FALSE
	EndGlobalSection
	GlobalSection(ExtensibilityGlobals) = postSolution
		SolutionGuid = {8FE397F2-DBF7-4881-8516-D957DC8C0FCD}
	EndGlobalSection
EndGlobal
