
Microsoft Visual Studio Solution File, Format Version 12.00
# Visual Studio Version 17
VisualStudioVersion = 17.14.36408.4 d17.14
MinimumVisualStudioVersion = 10.0.40219.1
Project("{FAE04EC0-301F-11D3-BF4B-00C04F79EFBC}") = "LoopsAndConditionalsLab", "LoopsAndConditionalsLab\LoopsAndConditionalsLab.csproj", "{7459D523-A50A-4A73-9523-6F735ACF0007}"
EndProject
Global
	GlobalSection(SolutionConfigurationPlatforms) = preSolution
		Debug|Any CPU = Debug|Any CPU
		Release|Any CPU = Release|Any CPU
	EndGlobalSection
	GlobalSection(ProjectConfigurationPlatforms) = postSolution
		{7459D523-A50A-4A73-9523-6F735ACF0007}.Debug|Any CPU.ActiveCfg = Debug|Any CPU
		{7459D523-A50A-4A73-9523-6F735ACF0007}.Debug|Any CPU.Build.0 = Debug|Any CPU
		{7459D523-A50A-4A73-9523-6F735ACF0007}.Release|Any CPU.ActiveCfg = Release|Any CPU
		{7459D523-A50A-4A73-9523-6F735ACF0007}.Release|Any CPU.Build.0 = Release|Any CPU
	EndGlobalSection
	GlobalSection(SolutionProperties) = preSolution
		HideSolutionNode = FALSE
	EndGlobalSection
	GlobalSection(ExtensibilityGlobals) = postSolution
		SolutionGuid = {CCB1E6D9-90BE-4897-B7C2-441DB69E965C}
	EndGlobalSection
EndGlobal
